
Microsoft Visual Studio Solution File, Format Version 12.00
# Visual Studio Version 17
VisualStudioVersion = 17.0.31903.59
MinimumVisualStudioVersion = 10.0.40219.1
Project("{FAE04EC0-301F-11D3-BF4B-00C04F79EFBC}") = "CashFlow.API", "CashFlow.API\CashFlow.API.csproj", "{7E37BE75-84A4-4322-854C-D516DA3FE994}"
EndProject
Project("{FAE04EC0-301F-11D3-BF4B-00C04F79EFBC}") = "CashFlow.Domain", "CashFlow.Domain\CashFlow.Domain.csproj", "{950E49EA-9C9C-41B9-B961-9CF338AD49CA}"
EndProject
Project("{FAE04EC0-301F-11D3-BF4B-00C04F79EFBC}") = "CashFlow.Infrastructure", "CashFlow.Infrastructure\CashFlow.Infrastructure.csproj", "{401C2F38-8B08-4EE9-9EF4-50BCDB77359A}"
EndProject
Global
	GlobalSection(SolutionConfigurationPlatforms) = preSolution
		Debug|Any CPU = Debug|Any CPU
		Release|Any CPU = Release|Any CPU
	EndGlobalSection
	GlobalSection(SolutionProperties) = preSolution
		HideSolutionNode = FALSE
	EndGlobalSection
	GlobalSection(ProjectConfigurationPlatforms) = postSolution
		{7E37BE75-84A4-4322-854C-D516DA3FE994}.Debug|Any CPU.ActiveCfg = Debug|Any CPU
		{7E37BE75-84A4-4322-854C-D516DA3FE994}.Debug|Any CPU.Build.0 = Debug|Any CPU
		{7E37BE75-84A4-4322-854C-D516DA3FE994}.Release|Any CPU.ActiveCfg = Release|Any CPU
		{7E37BE75-84A4-4322-854C-D516DA3FE994}.Release|Any CPU.Build.0 = Release|Any CPU
		{950E49EA-9C9C-41B9-B961-9CF338AD49CA}.Debug|Any CPU.ActiveCfg = Debug|Any CPU
		{950E49EA-9C9C-41B9-B961-9CF338AD49CA}.Debug|Any CPU.Build.0 = Debug|Any CPU
		{950E49EA-9C9C-41B9-B961-9CF338AD49CA}.Release|Any CPU.ActiveCfg = Release|Any CPU
		{950E49EA-9C9C-41B9-B961-9CF338AD49CA}.Release|Any CPU.Build.0 = Release|Any CPU
		{401C2F38-8B08-4EE9-9EF4-50BCDB77359A}.Debug|Any CPU.ActiveCfg = Debug|Any CPU
		{401C2F38-8B08-4EE9-9EF4-50BCDB77359A}.Debug|Any CPU.Build.0 = Debug|Any CPU
		{401C2F38-8B08-4EE9-9EF4-50BCDB77359A}.Release|Any CPU.ActiveCfg = Release|Any CPU
		{401C2F38-8B08-4EE9-9EF4-50BCDB77359A}.Release|Any CPU.Build.0 = Release|Any CPU
	EndGlobalSection
EndGlobal
